
Microsoft Visual Studio Solution File, Format Version 12.00
# Visual Studio 15
Project("{FAE04EC0-301F-11D3-BF4B-00C04F79EFBC}") = "myAttache.Android", "myAttache\Android\myAttache.Android.csproj", "{0814427B-0A11-46D2-A114-067AF177E2F1}"
EndProject
Project("{FAE04EC0-301F-11D3-BF4B-00C04F79EFBC}") = "myAttache.iOS", "myAttache\iOS\myAttache.iOS.csproj", "{215CF4AE-0443-4E44-AF73-37AEE51AFBD1}"
EndProject
Project("{FAE04EC0-301F-11D3-BF4B-00C04F79EFBC}") = "myAttache.Portable", "myAttache\Portable\myAttache.Portable.csproj", "{15D06125-FD54-4985-A83B-6573EDE8FF9D}"
EndProject
Global
	GlobalSection(SolutionConfigurationPlatforms) = preSolution
		Debug|Any CPU = Debug|Any CPU
		Release|Any CPU = Release|Any CPU
		Debug|iPhoneSimulator = Debug|iPhoneSimulator
		Release|iPhoneSimulator = Release|iPhoneSimulator
		Debug|iPhone = Debug|iPhone
		Release|iPhone = Release|iPhone
		Ad-Hoc|iPhone = Ad-Hoc|iPhone
		AppStore|iPhone = AppStore|iPhone
	EndGlobalSection
	GlobalSection(ProjectConfigurationPlatforms) = postSolution
		{0814427B-0A11-46D2-A114-067AF177E2F1}.Debug|Any CPU.ActiveCfg = Debug|Any CPU
		{0814427B-0A11-46D2-A114-067AF177E2F1}.Debug|Any CPU.Build.0 = Debug|Any CPU
		{0814427B-0A11-46D2-A114-067AF177E2F1}.Release|Any CPU.ActiveCfg = Release|Any CPU
		{0814427B-0A11-46D2-A114-067AF177E2F1}.Release|Any CPU.Build.0 = Release|Any CPU
		{0814427B-0A11-46D2-A114-067AF177E2F1}.Debug|iPhoneSimulator.ActiveCfg = Debug|Any CPU
		{0814427B-0A11-46D2-A114-067AF177E2F1}.Debug|iPhoneSimulator.Build.0 = Debug|Any CPU
		{0814427B-0A11-46D2-A114-067AF177E2F1}.Release|iPhoneSimulator.ActiveCfg = Release|Any CPU
		{0814427B-0A11-46D2-A114-067AF177E2F1}.Release|iPhoneSimulator.Build.0 = Release|Any CPU
		{0814427B-0A11-46D2-A114-067AF177E2F1}.Debug|iPhone.ActiveCfg = Debug|Any CPU
		{0814427B-0A11-46D2-A114-067AF177E2F1}.Debug|iPhone.Build.0 = Debug|Any CPU
		{0814427B-0A11-46D2-A114-067AF177E2F1}.Release|iPhone.ActiveCfg = Release|Any CPU
		{0814427B-0A11-46D2-A114-067AF177E2F1}.Release|iPhone.Build.0 = Release|Any CPU
		{0814427B-0A11-46D2-A114-067AF177E2F1}.Ad-Hoc|iPhone.ActiveCfg = Debug|Any CPU
		{0814427B-0A11-46D2-A114-067AF177E2F1}.Ad-Hoc|iPhone.Build.0 = Debug|Any CPU
		{0814427B-0A11-46D2-A114-067AF177E2F1}.AppStore|iPhone.ActiveCfg = Debug|Any CPU
		{0814427B-0A11-46D2-A114-067AF177E2F1}.AppStore|iPhone.Build.0 = Debug|Any CPU
		{215CF4AE-0443-4E44-AF73-37AEE51AFBD1}.Debug|Any CPU.ActiveCfg = Debug|iPhoneSimulator
		{215CF4AE-0443-4E44-AF73-37AEE51AFBD1}.Debug|Any CPU.Build.0 = Debug|iPhoneSimulator
		{215CF4AE-0443-4E44-AF73-37AEE51AFBD1}.Release|Any CPU.ActiveCfg = Release|iPhoneSimulator
		{215CF4AE-0443-4E44-AF73-37AEE51AFBD1}.Release|Any CPU.Build.0 = Release|iPhoneSimulator
		{215CF4AE-0443-4E44-AF73-37AEE51AFBD1}.Debug|iPhoneSimulator.ActiveCfg = Debug|iPhoneSimulator
		{215CF4AE-0443-4E44-AF73-37AEE51AFBD1}.Debug|iPhoneSimulator.Build.0 = Debug|iPhoneSimulator
		{215CF4AE-0443-4E44-AF73-37AEE51AFBD1}.Release|iPhoneSimulator.ActiveCfg = Release|iPhoneSimulator
		{215CF4AE-0443-4E44-AF73-37AEE51AFBD1}.Release|iPhoneSimulator.Build.0 = Release|iPhoneSimulator
		{215CF4AE-0443-4E44-AF73-37AEE51AFBD1}.Debug|iPhone.ActiveCfg = Debug|iPhone
		{215CF4AE-0443-4E44-AF73-37AEE51AFBD1}.Debug|iPhone.Build.0 = Debug|iPhone
		{215CF4AE-0443-4E44-AF73-37AEE51AFBD1}.Release|iPhone.ActiveCfg = Release|iPhone
		{215CF4AE-0443-4E44-AF73-37AEE51AFBD1}.Release|iPhone.Build.0 = Release|iPhone
		{215CF4AE-0443-4E44-AF73-37AEE51AFBD1}.Ad-Hoc|iPhone.ActiveCfg = Ad-Hoc|iPhone
		{215CF4AE-0443-4E44-AF73-37AEE51AFBD1}.Ad-Hoc|iPhone.Build.0 = Ad-Hoc|iPhone
		{215CF4AE-0443-4E44-AF73-37AEE51AFBD1}.AppStore|iPhone.ActiveCfg = AppStore|iPhone
		{215CF4AE-0443-4E44-AF73-37AEE51AFBD1}.AppStore|iPhone.Build.0 = AppStore|iPhone
		{15D06125-FD54-4985-A83B-6573EDE8FF9D}.Debug|Any CPU.ActiveCfg = Debug|Any CPU
		{15D06125-FD54-4985-A83B-6573EDE8FF9D}.Debug|Any CPU.Build.0 = Debug|Any CPU
		{15D06125-FD54-4985-A83B-6573EDE8FF9D}.Release|Any CPU.ActiveCfg = Release|Any CPU
		{15D06125-FD54-4985-A83B-6573EDE8FF9D}.Release|Any CPU.Build.0 = Release|Any CPU
		{15D06125-FD54-4985-A83B-6573EDE8FF9D}.Debug|iPhoneSimulator.ActiveCfg = Debug|Any CPU
		{15D06125-FD54-4985-A83B-6573EDE8FF9D}.Debug|iPhoneSimulator.Build.0 = Debug|Any CPU
		{15D06125-FD54-4985-A83B-6573EDE8FF9D}.Release|iPhoneSimulator.ActiveCfg = Release|Any CPU
		{15D06125-FD54-4985-A83B-6573EDE8FF9D}.Release|iPhoneSimulator.Build.0 = Release|Any CPU
		{15D06125-FD54-4985-A83B-6573EDE8FF9D}.Debug|iPhone.ActiveCfg = Debug|Any CPU
		{15D06125-FD54-4985-A83B-6573EDE8FF9D}.Debug|iPhone.Build.0 = Debug|Any CPU
		{15D06125-FD54-4985-A83B-6573EDE8FF9D}.Release|iPhone.ActiveCfg = Release|Any CPU
		{15D06125-FD54-4985-A83B-6573EDE8FF9D}.Release|iPhone.Build.0 = Release|Any CPU
		{15D06125-FD54-4985-A83B-6573EDE8FF9D}.Ad-Hoc|iPhone.ActiveCfg = Debug|Any CPU
		{15D06125-FD54-4985-A83B-6573EDE8FF9D}.Ad-Hoc|iPhone.Build.0 = Debug|Any CPU
		{15D06125-FD54-4985-A83B-6573EDE8FF9D}.AppStore|iPhone.ActiveCfg = Debug|Any CPU
		{15D06125-FD54-4985-A83B-6573EDE8FF9D}.AppStore|iPhone.Build.0 = Debug|Any CPU
	EndGlobalSection
EndGlobal
